{
  "nodes": {
    "flake-compat": {
      "flake": false,
      "locked": {
        "lastModified": 1627913399,
        "narHash": "sha256-hY8g6H2KFL8ownSiFeMOjwPC8P0ueXpCVEbxgda3pko=",
        "owner": "edolstra",
        "repo": "flake-compat",
        "rev": "12c64ca55c1014cdc1b16ed5a804aa8576601ff2",
        "type": "github"
      },
      "original": {
        "owner": "edolstra",
        "repo": "flake-compat",
        "type": "github"
      }
    },
    "flake-utils": {
      "locked": {
        "lastModified": 1610051610,
        "narHash": "sha256-U9rPz/usA1/Aohhk7Cmc2gBrEEKRzcW4nwPWMPwja4Y=",
        "owner": "numtide",
        "repo": "flake-utils",
        "rev": "3982c9903e93927c2164caa727cd3f6a0e6d14cc",
        "type": "github"
      },
      "original": {
        "owner": "numtide",
        "repo": "flake-utils",
        "type": "github"
      }
    },
    "gomod2nix": {
      "inputs": {
        "nixpkgs": [
          "nixpkgs"
        ],
        "utils": "utils"
      },
      "locked": {
        "lastModified": 1627572165,
        "narHash": "sha256-MFpwnkvQpauj799b4QTBJQFEddbD02+Ln5k92QyHOSk=",
        "owner": "tweag",
        "repo": "gomod2nix",
        "rev": "67f22dd738d092c6ba88e420350ada0ed4992ae8",
        "type": "github"
      },
      "original": {
        "owner": "tweag",
        "repo": "gomod2nix",
        "type": "github"
      }
    },
    "nixpkgs": {
      "locked": {
        "lastModified": 1628460690,
        "narHash": "sha256-aLwCbAug2OmPiRCsQ71JZIcUHL/4t3gstLirBGB5D1g=",
        "owner": "NixOS",
        "repo": "nixpkgs",
        "rev": "9d5f7324c281905c114975e193357f40c9d345a0",
        "type": "github"
      },
      "original": {
        "id": "nixpkgs",
        "ref": "release-21.05",
        "type": "indirect"
      }
    },
    "photoprism": {
      "flake": false,
      "locked": {
        "lastModified": 1628436482,
        "narHash": "sha256-kP0rsFQpTDj2MCSkXJRgcsjVB8sMnR3RslQ+QUsrXo8=",
        "owner": "photoprism",
        "repo": "photoprism",
        "rev": "e19632349b5dd9a95ddc2899dfdb6630c4340083",
        "type": "github"
      },
      "original": {
        "owner": "photoprism",
        "repo": "photoprism",
        "type": "github"
      }
    },
    "ranz2nix": {
      "flake": false,
      "locked": {
        "lastModified": 1594668772,
        "narHash": "sha256-JE7lk0rDP5itZqWOwjuv8N18xLbGc6XL/0u9rMnhXUk=",
        "owner": "andir",
        "repo": "ranz2nix",
        "rev": "637276c3110716d2a798e737fe62e54b37190d50",
        "type": "github"
      },
      "original": {
        "owner": "andir",
        "repo": "ranz2nix",
        "type": "github"
      }
    },
    "root": {
      "inputs": {
        "flake-compat": "flake-compat",
        "flake-utils": "flake-utils",
        "gomod2nix": "gomod2nix",
        "nixpkgs": "nixpkgs",
        "photoprism": "photoprism",
        "ranz2nix": "ranz2nix"
      }
    },
    "utils": {
      "locked": {
        "lastModified": 1623875721,
        "narHash": "sha256-A8BU7bjS5GirpAUv4QA+QnJ4CceLHkcXdRp4xITDB0s=",
        "owner": "numtide",
        "repo": "flake-utils",
        "rev": "f7e004a55b120c02ecb6219596820fcd32ca8772",
        "type": "github"
      },
      "original": {
        "owner": "numtide",
        "repo": "flake-utils",
        "type": "github"
      }
    }
  },
  "root": "root",
  "version": 7
}
