{
  "nodes": {
    "flake-utils": {
      "locked": {
        "lastModified": 1610051610,
        "narHash": "sha256-U9rPz/usA1/Aohhk7Cmc2gBrEEKRzcW4nwPWMPwja4Y=",
        "owner": "numtide",
        "repo": "flake-utils",
        "rev": "3982c9903e93927c2164caa727cd3f6a0e6d14cc",
        "type": "github"
      },
      "original": {
        "owner": "numtide",
        "repo": "flake-utils",
        "type": "github"
      }
    },
    "nixpkgs": {
      "locked": {
        "lastModified": 1607560137,
        "narHash": "sha256-qI5U28r9Ie11OlkwzNFkhW0Z4jLanntJdb3JeFq/85A=",
        "owner": "NixOS",
        "repo": "nixpkgs",
        "rev": "7ff5e241a2b96fff7912b7d793a06b4374bd846c",
        "type": "github"
      },
      "original": {
        "id": "nixpkgs",
        "rev": "7ff5e241a2b96fff7912b7d793a06b4374bd846c",
        "type": "indirect"
      }
    },
    "photoprism": {
      "flake": false,
      "locked": {
        "lastModified": 1613655548,
        "narHash": "sha256-ip5QC2fZyJLYdcgaeCiCmbIb6byoqP9SYN79KAZSsVc=",
        "owner": "photoprism",
        "repo": "photoprism",
        "rev": "a9f64f98c2c99c07a9e69a82a1122e3b520790cf",
        "type": "github"
      },
      "original": {
        "owner": "photoprism",
        "repo": "photoprism",
        "rev": "a9f64f98c2c99c07a9e69a82a1122e3b520790cf",
        "type": "github"
      }
    },
    "ranz2nix": {
      "flake": false,
      "locked": {
        "lastModified": 1594668772,
        "narHash": "sha256-JE7lk0rDP5itZqWOwjuv8N18xLbGc6XL/0u9rMnhXUk=",
        "owner": "andir",
        "repo": "ranz2nix",
        "rev": "637276c3110716d2a798e737fe62e54b37190d50",
        "type": "github"
      },
      "original": {
        "owner": "andir",
        "repo": "ranz2nix",
        "type": "github"
      }
    },
    "root": {
      "inputs": {
        "flake-utils": "flake-utils",
        "nixpkgs": "nixpkgs",
        "photoprism": "photoprism",
        "ranz2nix": "ranz2nix"
      }
    }
  },
  "root": "root",
  "version": 7
}
